{
  "originHash" : "31183c0b78d04b1ea220142990f39853013380557aae8e51d69d83d3597cc2de",
  "pins" : [
    {
      "identity" : "snap-core",
      "kind" : "remoteSourceControl",
      "location" : "https://github.com/simonnickel/snap-core.git",
      "state" : {
        "branch" : "main-xc16",
        "revision" : "abc5895283a7e4615dec4e24cc181c53d8a2d4b7"
      }
    }
  ],
  "version" : 3
}
