{
  "originHash" : "4d647af38a4f3b6f14d1d7d7a70538a267781c43ee942f2a0988a77654b37ac1",
  "pins" : [
    {
      "identity" : "snap-core",
      "kind" : "remoteSourceControl",
      "location" : "https://github.com/simonnickel/snap-core.git",
      "state" : {
        "branch" : "main",
        "revision" : "5d717da38e2267a1afbdcf589ab574e19c0a7f82"
      }
    }
  ],
  "version" : 3
}
