{
  "originHash" : "9dc863df7af63315a4006cdca1ec0e9d1117b4b966dd02547daecf849f7ab1ae",
  "pins" : [
    {
      "identity" : "snap-core",
      "kind" : "remoteSourceControl",
      "location" : "https://github.com/simonnickel/snap-core.git",
      "state" : {
        "branch" : "main-xc16",
        "revision" : "fde40562e765293d1cc3a9e09d1d2f58b0cde782"
      }
    }
  ],
  "version" : 3
}
